
Microsoft Visual Studio Solution File, Format Version 12.00
# Visual Studio Version 16
VisualStudioVersion = 16.0.30330.147
MinimumVisualStudioVersion = 10.0.40219.1
Project("{FAE04EC0-301F-11D3-BF4B-00C04F79EFBC}") = "EdabitLibrary", "EdabitLibrary\EdabitLibrary.csproj", "{64F3A0B8-3B57-45B0-80D9-A40AB9C977DE}"
EndProject
Project("{FAE04EC0-301F-11D3-BF4B-00C04F79EFBC}") = "EdabitLibrary.Tests", "EdabitLibrary.Tests\EdabitLibrary.Tests.csproj", "{0484E247-1F43-4C89-9E70-984BBD8403D1}"
EndProject
Project("{FAE04EC0-301F-11D3-BF4B-00C04F79EFBC}") = "WcfService", "WcfService\WcfService.csproj", "{B671D14A-A5DC-40F4-95AA-C568F7EE018C}"
EndProject
Project("{FAE04EC0-301F-11D3-BF4B-00C04F79EFBC}") = "WcfServiceTests", "WcfServiceTests\WcfServiceTests.csproj", "{27A7E5D6-3F83-4261-9B59-405F0CBE9886}"
EndProject
Global
	GlobalSection(SolutionConfigurationPlatforms) = preSolution
		Debug|Any CPU = Debug|Any CPU
		Release|Any CPU = Release|Any CPU
	EndGlobalSection
	GlobalSection(ProjectConfigurationPlatforms) = postSolution
		{64F3A0B8-3B57-45B0-80D9-A40AB9C977DE}.Debug|Any CPU.ActiveCfg = Debug|Any CPU
		{64F3A0B8-3B57-45B0-80D9-A40AB9C977DE}.Debug|Any CPU.Build.0 = Debug|Any CPU
		{64F3A0B8-3B57-45B0-80D9-A40AB9C977DE}.Release|Any CPU.ActiveCfg = Release|Any CPU
		{64F3A0B8-3B57-45B0-80D9-A40AB9C977DE}.Release|Any CPU.Build.0 = Release|Any CPU
		{0484E247-1F43-4C89-9E70-984BBD8403D1}.Debug|Any CPU.ActiveCfg = Debug|Any CPU
		{0484E247-1F43-4C89-9E70-984BBD8403D1}.Debug|Any CPU.Build.0 = Debug|Any CPU
		{0484E247-1F43-4C89-9E70-984BBD8403D1}.Release|Any CPU.ActiveCfg = Release|Any CPU
		{0484E247-1F43-4C89-9E70-984BBD8403D1}.Release|Any CPU.Build.0 = Release|Any CPU
		{B671D14A-A5DC-40F4-95AA-C568F7EE018C}.Debug|Any CPU.ActiveCfg = Debug|Any CPU
		{B671D14A-A5DC-40F4-95AA-C568F7EE018C}.Debug|Any CPU.Build.0 = Debug|Any CPU
		{B671D14A-A5DC-40F4-95AA-C568F7EE018C}.Release|Any CPU.ActiveCfg = Release|Any CPU
		{B671D14A-A5DC-40F4-95AA-C568F7EE018C}.Release|Any CPU.Build.0 = Release|Any CPU
		{27A7E5D6-3F83-4261-9B59-405F0CBE9886}.Debug|Any CPU.ActiveCfg = Debug|Any CPU
		{27A7E5D6-3F83-4261-9B59-405F0CBE9886}.Debug|Any CPU.Build.0 = Debug|Any CPU
		{27A7E5D6-3F83-4261-9B59-405F0CBE9886}.Release|Any CPU.ActiveCfg = Release|Any CPU
		{27A7E5D6-3F83-4261-9B59-405F0CBE9886}.Release|Any CPU.Build.0 = Release|Any CPU
	EndGlobalSection
	GlobalSection(SolutionProperties) = preSolution
		HideSolutionNode = FALSE
	EndGlobalSection
	GlobalSection(ExtensibilityGlobals) = postSolution
		SolutionGuid = {F3285E10-B785-4818-93D1-4A8C9419D336}
	EndGlobalSection
EndGlobal
